
Microsoft Visual Studio Solution File, Format Version 12.00
# Visual Studio 15
VisualStudioVersion = 15.0.28307.2092
MinimumVisualStudioVersion = 10.0.40219.1
Project("{FAE04EC0-301F-11D3-BF4B-00C04F79EFBC}") = "ChessPieces", "ChessPieces\ChessPieces.csproj", "{5F8BC392-C2E7-4D87-BECF-085AEB41F0AE}"
EndProject
Project("{FAE04EC0-301F-11D3-BF4B-00C04F79EFBC}") = "ChessPieces.Domain", "ChessPieces.Domain\ChessPieces.Domain.csproj", "{B7E54889-FF75-4CF6-BF2C-C0461ABD182C}"
EndProject
Global
	GlobalSection(SolutionConfigurationPlatforms) = preSolution
		Debug|Any CPU = Debug|Any CPU
		Release|Any CPU = Release|Any CPU
	EndGlobalSection
	GlobalSection(ProjectConfigurationPlatforms) = postSolution
		{5F8BC392-C2E7-4D87-BECF-085AEB41F0AE}.Debug|Any CPU.ActiveCfg = Debug|Any CPU
		{5F8BC392-C2E7-4D87-BECF-085AEB41F0AE}.Debug|Any CPU.Build.0 = Debug|Any CPU
		{5F8BC392-C2E7-4D87-BECF-085AEB41F0AE}.Release|Any CPU.ActiveCfg = Release|Any CPU
		{5F8BC392-C2E7-4D87-BECF-085AEB41F0AE}.Release|Any CPU.Build.0 = Release|Any CPU
		{B7E54889-FF75-4CF6-BF2C-C0461ABD182C}.Debug|Any CPU.ActiveCfg = Debug|Any CPU
		{B7E54889-FF75-4CF6-BF2C-C0461ABD182C}.Debug|Any CPU.Build.0 = Debug|Any CPU
		{B7E54889-FF75-4CF6-BF2C-C0461ABD182C}.Release|Any CPU.ActiveCfg = Release|Any CPU
		{B7E54889-FF75-4CF6-BF2C-C0461ABD182C}.Release|Any CPU.Build.0 = Release|Any CPU
	EndGlobalSection
	GlobalSection(SolutionProperties) = preSolution
		HideSolutionNode = FALSE
	EndGlobalSection
	GlobalSection(ExtensibilityGlobals) = postSolution
		SolutionGuid = {873B3F49-9B01-4D41-AB85-E59694BA3243}
	EndGlobalSection
EndGlobal
